
Microsoft Visual Studio Solution File, Format Version 12.00
Project("{FAE04EC0-301F-11D3-BF4B-00C04F79EFBC}") = "GameMaster", "GameMaster\GameMaster.csproj", "{0DDF5646-C832-4B14-81C3-AC174245096A}"
EndProject
Global
	GlobalSection(SolutionConfigurationPlatforms) = preSolution
		Debug|Any CPU = Debug|Any CPU
		Release|Any CPU = Release|Any CPU
	EndGlobalSection
	GlobalSection(ProjectConfigurationPlatforms) = postSolution
		{0DDF5646-C832-4B14-81C3-AC174245096A}.Debug|Any CPU.ActiveCfg = Debug|Any CPU
		{0DDF5646-C832-4B14-81C3-AC174245096A}.Debug|Any CPU.Build.0 = Debug|Any CPU
		{0DDF5646-C832-4B14-81C3-AC174245096A}.Release|Any CPU.ActiveCfg = Release|Any CPU
		{0DDF5646-C832-4B14-81C3-AC174245096A}.Release|Any CPU.Build.0 = Release|Any CPU
	EndGlobalSection
EndGlobal
