
Microsoft Visual Studio Solution File, Format Version 12.00
Project("{FAE04EC0-301F-11D3-BF4B-00C04F79EFBC}") = "Bot", "Bot\Bot.csproj", "{D48BAF67-AA3F-4E67-88BA-A133477683F7}"
EndProject
Project("{FAE04EC0-301F-11D3-BF4B-00C04F79EFBC}") = "Models", "Models\Models.csproj", "{7DA34E53-EB3B-4306-B6AC-6A064362AA21}"
EndProject
Project("{FAE04EC0-301F-11D3-BF4B-00C04F79EFBC}") = "Shared", "Shared\Shared.csproj", "{7D652421-5DB8-4CA4-AC9E-7A9AC587E66C}"
EndProject
Project("{FAE04EC0-301F-11D3-BF4B-00C04F79EFBC}") = "Web", "Web\Web.csproj", "{0AABD970-6C67-40B2-9131-829E9C676AF4}"
EndProject
Project("{FAE04EC0-301F-11D3-BF4B-00C04F79EFBC}") = "WebApplication2", "WebApplication2\WebApplication2.csproj", "{52C7A776-83FD-48C1-933D-266D9A714402}"
EndProject
Global
	GlobalSection(SolutionConfigurationPlatforms) = preSolution
		Debug|Any CPU = Debug|Any CPU
		Release|Any CPU = Release|Any CPU
	EndGlobalSection
	GlobalSection(ProjectConfigurationPlatforms) = postSolution
		{D48BAF67-AA3F-4E67-88BA-A133477683F7}.Debug|Any CPU.ActiveCfg = Debug|Any CPU
		{D48BAF67-AA3F-4E67-88BA-A133477683F7}.Debug|Any CPU.Build.0 = Debug|Any CPU
		{D48BAF67-AA3F-4E67-88BA-A133477683F7}.Release|Any CPU.ActiveCfg = Release|Any CPU
		{D48BAF67-AA3F-4E67-88BA-A133477683F7}.Release|Any CPU.Build.0 = Release|Any CPU
		{7DA34E53-EB3B-4306-B6AC-6A064362AA21}.Debug|Any CPU.ActiveCfg = Debug|Any CPU
		{7DA34E53-EB3B-4306-B6AC-6A064362AA21}.Debug|Any CPU.Build.0 = Debug|Any CPU
		{7DA34E53-EB3B-4306-B6AC-6A064362AA21}.Release|Any CPU.ActiveCfg = Release|Any CPU
		{7DA34E53-EB3B-4306-B6AC-6A064362AA21}.Release|Any CPU.Build.0 = Release|Any CPU
		{7D652421-5DB8-4CA4-AC9E-7A9AC587E66C}.Debug|Any CPU.ActiveCfg = Debug|Any CPU
		{7D652421-5DB8-4CA4-AC9E-7A9AC587E66C}.Debug|Any CPU.Build.0 = Debug|Any CPU
		{7D652421-5DB8-4CA4-AC9E-7A9AC587E66C}.Release|Any CPU.ActiveCfg = Release|Any CPU
		{7D652421-5DB8-4CA4-AC9E-7A9AC587E66C}.Release|Any CPU.Build.0 = Release|Any CPU
		{0AABD970-6C67-40B2-9131-829E9C676AF4}.Debug|Any CPU.ActiveCfg = Debug|Any CPU
		{0AABD970-6C67-40B2-9131-829E9C676AF4}.Debug|Any CPU.Build.0 = Debug|Any CPU
		{0AABD970-6C67-40B2-9131-829E9C676AF4}.Release|Any CPU.ActiveCfg = Release|Any CPU
		{0AABD970-6C67-40B2-9131-829E9C676AF4}.Release|Any CPU.Build.0 = Release|Any CPU
		{52C7A776-83FD-48C1-933D-266D9A714402}.Debug|Any CPU.ActiveCfg = Debug|Any CPU
		{52C7A776-83FD-48C1-933D-266D9A714402}.Debug|Any CPU.Build.0 = Debug|Any CPU
		{52C7A776-83FD-48C1-933D-266D9A714402}.Release|Any CPU.ActiveCfg = Release|Any CPU
		{52C7A776-83FD-48C1-933D-266D9A714402}.Release|Any CPU.Build.0 = Release|Any CPU
	EndGlobalSection
EndGlobal
